
Microsoft Visual Studio Solution File, Format Version 12.00
# Visual Studio Version 16
VisualStudioVersion = 16.0.31702.278
MinimumVisualStudioVersion = 10.0.40219.1
Project("{9A19103F-16F7-4668-BE54-9A1E7A4F7556}") = "MessageList", "MessageList\MessageList.csproj", "{A7DE01F0-DB53-4E9A-8157-4FE631D40ADC}"
EndProject
Project("{9A19103F-16F7-4668-BE54-9A1E7A4F7556}") = "DataLayer", "DataAccess\DataLayer.csproj", "{B5B51241-5EF8-4509-806E-F8789F3F097B}"
EndProject
Global
	GlobalSection(SolutionConfigurationPlatforms) = preSolution
		Debug|Any CPU = Debug|Any CPU
		Release|Any CPU = Release|Any CPU
	EndGlobalSection
	GlobalSection(ProjectConfigurationPlatforms) = postSolution
		{A7DE01F0-DB53-4E9A-8157-4FE631D40ADC}.Debug|Any CPU.ActiveCfg = Debug|Any CPU
		{A7DE01F0-DB53-4E9A-8157-4FE631D40ADC}.Debug|Any CPU.Build.0 = Debug|Any CPU
		{A7DE01F0-DB53-4E9A-8157-4FE631D40ADC}.Release|Any CPU.ActiveCfg = Release|Any CPU
		{A7DE01F0-DB53-4E9A-8157-4FE631D40ADC}.Release|Any CPU.Build.0 = Release|Any CPU
		{B5B51241-5EF8-4509-806E-F8789F3F097B}.Debug|Any CPU.ActiveCfg = Debug|Any CPU
		{B5B51241-5EF8-4509-806E-F8789F3F097B}.Debug|Any CPU.Build.0 = Debug|Any CPU
		{B5B51241-5EF8-4509-806E-F8789F3F097B}.Release|Any CPU.ActiveCfg = Release|Any CPU
		{B5B51241-5EF8-4509-806E-F8789F3F097B}.Release|Any CPU.Build.0 = Release|Any CPU
	EndGlobalSection
	GlobalSection(SolutionProperties) = preSolution
		HideSolutionNode = FALSE
	EndGlobalSection
	GlobalSection(ExtensibilityGlobals) = postSolution
		SolutionGuid = {9E83A6BC-5F18-4D4A-9CC5-5424153A5193}
	EndGlobalSection
EndGlobal
